
Microsoft Visual Studio Solution File, Format Version 12.00
# Visual Studio Version 17
VisualStudioVersion = 17.5.33516.290
MinimumVisualStudioVersion = 10.0.40219.1
Project("{9A19103F-16F7-4668-BE54-9A1E7A4F7556}") = "SingleResponsibility", "SingleResponsibility\SingleResponsibility.csproj", "{986E98FC-360A-4F21-8CB9-32ABE55A785B}"
EndProject
Project("{9A19103F-16F7-4668-BE54-9A1E7A4F7556}") = "OpenClosed", "OpenClosed\OpenClosed.csproj", "{9B993EAB-C223-4BF5-A174-070B09CD789C}"
EndProject
Project("{FAE04EC0-301F-11D3-BF4B-00C04F79EFBC}") = "LiskovSubstution", "LiskovSubstution\LiskovSubstution.csproj", "{871DFE89-4BFD-4CCE-A5E1-48C4DE95521E}"
EndProject
Project("{FAE04EC0-301F-11D3-BF4B-00C04F79EFBC}") = "InterfaceSegregation", "InterfaceSegregation\InterfaceSegregation.csproj", "{7C0B8FAC-7C37-4FAF-ACB4-2928D6F371D7}"
EndProject
Project("{FAE04EC0-301F-11D3-BF4B-00C04F79EFBC}") = "DependencyInversion", "DependencyInversion\DependencyInversion.csproj", "{0BC6F10B-10FD-4741-BDB7-B248A5A382FF}"
EndProject
Global
	GlobalSection(SolutionConfigurationPlatforms) = preSolution
		Debug|Any CPU = Debug|Any CPU
		Release|Any CPU = Release|Any CPU
	EndGlobalSection
	GlobalSection(ProjectConfigurationPlatforms) = postSolution
		{986E98FC-360A-4F21-8CB9-32ABE55A785B}.Debug|Any CPU.ActiveCfg = Debug|Any CPU
		{986E98FC-360A-4F21-8CB9-32ABE55A785B}.Debug|Any CPU.Build.0 = Debug|Any CPU
		{986E98FC-360A-4F21-8CB9-32ABE55A785B}.Release|Any CPU.ActiveCfg = Release|Any CPU
		{986E98FC-360A-4F21-8CB9-32ABE55A785B}.Release|Any CPU.Build.0 = Release|Any CPU
		{9B993EAB-C223-4BF5-A174-070B09CD789C}.Debug|Any CPU.ActiveCfg = Debug|Any CPU
		{9B993EAB-C223-4BF5-A174-070B09CD789C}.Debug|Any CPU.Build.0 = Debug|Any CPU
		{9B993EAB-C223-4BF5-A174-070B09CD789C}.Release|Any CPU.ActiveCfg = Release|Any CPU
		{9B993EAB-C223-4BF5-A174-070B09CD789C}.Release|Any CPU.Build.0 = Release|Any CPU
		{871DFE89-4BFD-4CCE-A5E1-48C4DE95521E}.Debug|Any CPU.ActiveCfg = Debug|Any CPU
		{871DFE89-4BFD-4CCE-A5E1-48C4DE95521E}.Debug|Any CPU.Build.0 = Debug|Any CPU
		{871DFE89-4BFD-4CCE-A5E1-48C4DE95521E}.Release|Any CPU.ActiveCfg = Release|Any CPU
		{871DFE89-4BFD-4CCE-A5E1-48C4DE95521E}.Release|Any CPU.Build.0 = Release|Any CPU
		{7C0B8FAC-7C37-4FAF-ACB4-2928D6F371D7}.Debug|Any CPU.ActiveCfg = Debug|Any CPU
		{7C0B8FAC-7C37-4FAF-ACB4-2928D6F371D7}.Debug|Any CPU.Build.0 = Debug|Any CPU
		{7C0B8FAC-7C37-4FAF-ACB4-2928D6F371D7}.Release|Any CPU.ActiveCfg = Release|Any CPU
		{7C0B8FAC-7C37-4FAF-ACB4-2928D6F371D7}.Release|Any CPU.Build.0 = Release|Any CPU
		{0BC6F10B-10FD-4741-BDB7-B248A5A382FF}.Debug|Any CPU.ActiveCfg = Debug|Any CPU
		{0BC6F10B-10FD-4741-BDB7-B248A5A382FF}.Debug|Any CPU.Build.0 = Debug|Any CPU
		{0BC6F10B-10FD-4741-BDB7-B248A5A382FF}.Release|Any CPU.ActiveCfg = Release|Any CPU
		{0BC6F10B-10FD-4741-BDB7-B248A5A382FF}.Release|Any CPU.Build.0 = Release|Any CPU
	EndGlobalSection
	GlobalSection(SolutionProperties) = preSolution
		HideSolutionNode = FALSE
	EndGlobalSection
	GlobalSection(ExtensibilityGlobals) = postSolution
		SolutionGuid = {8E9D6CA3-C92D-4228-90BA-66450ADDC7EF}
	EndGlobalSection
EndGlobal
