
Microsoft Visual Studio Solution File, Format Version 12.00
# Visual Studio Version 17
VisualStudioVersion = 17.5.33516.290
MinimumVisualStudioVersion = 10.0.40219.1
Project("{2150E333-8FDC-42A3-9474-1A3956D46DE8}") = "Creational", "Creational", "{7A1DE236-3066-43A1-86E5-402AAFE90D83}"
EndProject
Project("{2150E333-8FDC-42A3-9474-1A3956D46DE8}") = "Structural", "Structural", "{6ECCAB0B-37C6-49A3-817E-01EF6F81B9AC}"
EndProject
Project("{2150E333-8FDC-42A3-9474-1A3956D46DE8}") = "Behavioral", "Behavioral", "{BC8766EA-BEF0-47ED-88C1-3E354DEBDD1E}"
EndProject
Project("{9A19103F-16F7-4668-BE54-9A1E7A4F7556}") = "AbstractFactory", "Creational\AbstractFactory\AbstractFactory.csproj", "{0964ED0B-EF30-4DC4-98B6-6980AABA46C3}"
EndProject
Project("{9A19103F-16F7-4668-BE54-9A1E7A4F7556}") = "FactoryMethod", "Creational\FactoryMethod\FactoryMethod.csproj", "{1D8B2082-1332-4C51-A9E8-EB5C023ABF62}"
EndProject
Project("{9A19103F-16F7-4668-BE54-9A1E7A4F7556}") = "Builder", "Creational\Builder\Builder.csproj", "{A726A89C-393A-468D-8BF0-B7803090E2A8}"
EndProject
Project("{9A19103F-16F7-4668-BE54-9A1E7A4F7556}") = "Singleton", "Creational\Singleton\Singleton.csproj", "{0FCB0F27-CBC8-4B2A-B5FF-CF366E8FD066}"
EndProject
Project("{9A19103F-16F7-4668-BE54-9A1E7A4F7556}") = "Adapter", "Structural\Adapter\Adapter.csproj", "{27CEB131-3893-48C9-8844-22500022B5DA}"
EndProject
Project("{9A19103F-16F7-4668-BE54-9A1E7A4F7556}") = "Bridge", "Structural\Bridge\Bridge.csproj", "{9A1ABD90-8829-4EAB-B30C-5A755A50E069}"
EndProject
Project("{9A19103F-16F7-4668-BE54-9A1E7A4F7556}") = "Decarotor", "Structural\Decarotor\Decarotor.csproj", "{AC76219F-4915-473B-9A88-4701C15D6538}"
EndProject
Project("{9A19103F-16F7-4668-BE54-9A1E7A4F7556}") = "Facade", "Structural\Facade\Facade.csproj", "{C494D461-A420-4B93-AA96-FDF96F0FA6E6}"
EndProject
Project("{9A19103F-16F7-4668-BE54-9A1E7A4F7556}") = "FlyWeight", "Structural\FlyWeight\FlyWeight.csproj", "{B5EF1939-CFA3-4D28-B8DB-FA83BE80FD57}"
EndProject
Project("{9A19103F-16F7-4668-BE54-9A1E7A4F7556}") = "Proxy", "Structural\Proxy\Proxy.csproj", "{3D6F668C-62E8-4419-9024-E8ED60A5BCF1}"
EndProject
Project("{9A19103F-16F7-4668-BE54-9A1E7A4F7556}") = "Composite", "Structural\Composite\Composite.csproj", "{8E9FA383-06EF-4EAA-9178-2ABE84A7E483}"
EndProject
Project("{9A19103F-16F7-4668-BE54-9A1E7A4F7556}") = "ChainOfResponsibility", "Behavioral\ChainOfResponsibility\ChainOfResponsibility.csproj", "{D2ADD392-0DAC-419A-8C0D-F91C93444121}"
EndProject
Project("{9A19103F-16F7-4668-BE54-9A1E7A4F7556}") = "Command", "Command\Command.csproj", "{767F0E2A-F8E9-45A1-B3CC-98DBA61EB649}"
EndProject
Project("{9A19103F-16F7-4668-BE54-9A1E7A4F7556}") = "Interpreter", "Behavioral\Interpreter\Interpreter.csproj", "{185991FE-FCB2-4245-9C4A-E8668CDAA55E}"
EndProject
Project("{FAE04EC0-301F-11D3-BF4B-00C04F79EFBC}") = "Iterator", "Behavioral\Iterator\Iterator.csproj", "{344548C4-7C0E-44D1-8DCE-D9B0E7B67CCC}"
EndProject
Project("{FAE04EC0-301F-11D3-BF4B-00C04F79EFBC}") = "Mediator", "Behavioral\Mediator\Mediator.csproj", "{24AF6161-58E4-4E39-93E3-853ED02B5025}"
EndProject
Project("{9A19103F-16F7-4668-BE54-9A1E7A4F7556}") = "Memento", "Behavioral\Memento\Memento.csproj", "{6C1216C1-37C6-4D73-AE7C-1CE2FE7E11A7}"
EndProject
Project("{FAE04EC0-301F-11D3-BF4B-00C04F79EFBC}") = "Strategy", "Behavioral\Strategy\Strategy.csproj", "{0D0F79DD-ED3E-47A4-B8AC-89CE9AD52668}"
EndProject
Project("{FAE04EC0-301F-11D3-BF4B-00C04F79EFBC}") = "Visitor", "Behavioral\Visitor\Visitor.csproj", "{7247DA76-01CE-47AA-B3B6-7083B3275349}"
EndProject
Project("{9A19103F-16F7-4668-BE54-9A1E7A4F7556}") = "TemplateMethod", "Behavioral\TemplateMethod\TemplateMethod.csproj", "{3D9ED73C-2216-47B2-AFCD-D76D5B292C8C}"
EndProject
Project("{FAE04EC0-301F-11D3-BF4B-00C04F79EFBC}") = "State", "Behavioral\State\State.csproj", "{76F1E59E-BE10-40C9-B93E-847FE4502F63}"
EndProject
Project("{9A19103F-16F7-4668-BE54-9A1E7A4F7556}") = "Observer", "Behavioral\Observer\Observer.csproj", "{D19999D5-2DCB-458C-A48D-86AD9A97F2B2}"
EndProject
Global
	GlobalSection(SolutionConfigurationPlatforms) = preSolution
		Debug|Any CPU = Debug|Any CPU
		Release|Any CPU = Release|Any CPU
	EndGlobalSection
	GlobalSection(ProjectConfigurationPlatforms) = postSolution
		{0964ED0B-EF30-4DC4-98B6-6980AABA46C3}.Debug|Any CPU.ActiveCfg = Debug|Any CPU
		{0964ED0B-EF30-4DC4-98B6-6980AABA46C3}.Debug|Any CPU.Build.0 = Debug|Any CPU
		{0964ED0B-EF30-4DC4-98B6-6980AABA46C3}.Release|Any CPU.ActiveCfg = Release|Any CPU
		{0964ED0B-EF30-4DC4-98B6-6980AABA46C3}.Release|Any CPU.Build.0 = Release|Any CPU
		{1D8B2082-1332-4C51-A9E8-EB5C023ABF62}.Debug|Any CPU.ActiveCfg = Debug|Any CPU
		{1D8B2082-1332-4C51-A9E8-EB5C023ABF62}.Debug|Any CPU.Build.0 = Debug|Any CPU
		{1D8B2082-1332-4C51-A9E8-EB5C023ABF62}.Release|Any CPU.ActiveCfg = Release|Any CPU
		{1D8B2082-1332-4C51-A9E8-EB5C023ABF62}.Release|Any CPU.Build.0 = Release|Any CPU
		{A726A89C-393A-468D-8BF0-B7803090E2A8}.Debug|Any CPU.ActiveCfg = Debug|Any CPU
		{A726A89C-393A-468D-8BF0-B7803090E2A8}.Debug|Any CPU.Build.0 = Debug|Any CPU
		{A726A89C-393A-468D-8BF0-B7803090E2A8}.Release|Any CPU.ActiveCfg = Release|Any CPU
		{A726A89C-393A-468D-8BF0-B7803090E2A8}.Release|Any CPU.Build.0 = Release|Any CPU
		{0FCB0F27-CBC8-4B2A-B5FF-CF366E8FD066}.Debug|Any CPU.ActiveCfg = Debug|Any CPU
		{0FCB0F27-CBC8-4B2A-B5FF-CF366E8FD066}.Debug|Any CPU.Build.0 = Debug|Any CPU
		{0FCB0F27-CBC8-4B2A-B5FF-CF366E8FD066}.Release|Any CPU.ActiveCfg = Release|Any CPU
		{0FCB0F27-CBC8-4B2A-B5FF-CF366E8FD066}.Release|Any CPU.Build.0 = Release|Any CPU
		{27CEB131-3893-48C9-8844-22500022B5DA}.Debug|Any CPU.ActiveCfg = Debug|Any CPU
		{27CEB131-3893-48C9-8844-22500022B5DA}.Debug|Any CPU.Build.0 = Debug|Any CPU
		{27CEB131-3893-48C9-8844-22500022B5DA}.Release|Any CPU.ActiveCfg = Release|Any CPU
		{27CEB131-3893-48C9-8844-22500022B5DA}.Release|Any CPU.Build.0 = Release|Any CPU
		{9A1ABD90-8829-4EAB-B30C-5A755A50E069}.Debug|Any CPU.ActiveCfg = Debug|Any CPU
		{9A1ABD90-8829-4EAB-B30C-5A755A50E069}.Debug|Any CPU.Build.0 = Debug|Any CPU
		{9A1ABD90-8829-4EAB-B30C-5A755A50E069}.Release|Any CPU.ActiveCfg = Release|Any CPU
		{9A1ABD90-8829-4EAB-B30C-5A755A50E069}.Release|Any CPU.Build.0 = Release|Any CPU
		{AC76219F-4915-473B-9A88-4701C15D6538}.Debug|Any CPU.ActiveCfg = Debug|Any CPU
		{AC76219F-4915-473B-9A88-4701C15D6538}.Debug|Any CPU.Build.0 = Debug|Any CPU
		{AC76219F-4915-473B-9A88-4701C15D6538}.Release|Any CPU.ActiveCfg = Release|Any CPU
		{AC76219F-4915-473B-9A88-4701C15D6538}.Release|Any CPU.Build.0 = Release|Any CPU
		{C494D461-A420-4B93-AA96-FDF96F0FA6E6}.Debug|Any CPU.ActiveCfg = Debug|Any CPU
		{C494D461-A420-4B93-AA96-FDF96F0FA6E6}.Debug|Any CPU.Build.0 = Debug|Any CPU
		{C494D461-A420-4B93-AA96-FDF96F0FA6E6}.Release|Any CPU.ActiveCfg = Release|Any CPU
		{C494D461-A420-4B93-AA96-FDF96F0FA6E6}.Release|Any CPU.Build.0 = Release|Any CPU
		{B5EF1939-CFA3-4D28-B8DB-FA83BE80FD57}.Debug|Any CPU.ActiveCfg = Debug|Any CPU
		{B5EF1939-CFA3-4D28-B8DB-FA83BE80FD57}.Debug|Any CPU.Build.0 = Debug|Any CPU
		{B5EF1939-CFA3-4D28-B8DB-FA83BE80FD57}.Release|Any CPU.ActiveCfg = Release|Any CPU
		{B5EF1939-CFA3-4D28-B8DB-FA83BE80FD57}.Release|Any CPU.Build.0 = Release|Any CPU
		{3D6F668C-62E8-4419-9024-E8ED60A5BCF1}.Debug|Any CPU.ActiveCfg = Debug|Any CPU
		{3D6F668C-62E8-4419-9024-E8ED60A5BCF1}.Debug|Any CPU.Build.0 = Debug|Any CPU
		{3D6F668C-62E8-4419-9024-E8ED60A5BCF1}.Release|Any CPU.ActiveCfg = Release|Any CPU
		{3D6F668C-62E8-4419-9024-E8ED60A5BCF1}.Release|Any CPU.Build.0 = Release|Any CPU
		{8E9FA383-06EF-4EAA-9178-2ABE84A7E483}.Debug|Any CPU.ActiveCfg = Debug|Any CPU
		{8E9FA383-06EF-4EAA-9178-2ABE84A7E483}.Debug|Any CPU.Build.0 = Debug|Any CPU
		{8E9FA383-06EF-4EAA-9178-2ABE84A7E483}.Release|Any CPU.ActiveCfg = Release|Any CPU
		{8E9FA383-06EF-4EAA-9178-2ABE84A7E483}.Release|Any CPU.Build.0 = Release|Any CPU
		{D2ADD392-0DAC-419A-8C0D-F91C93444121}.Debug|Any CPU.ActiveCfg = Debug|Any CPU
		{D2ADD392-0DAC-419A-8C0D-F91C93444121}.Debug|Any CPU.Build.0 = Debug|Any CPU
		{D2ADD392-0DAC-419A-8C0D-F91C93444121}.Release|Any CPU.ActiveCfg = Release|Any CPU
		{D2ADD392-0DAC-419A-8C0D-F91C93444121}.Release|Any CPU.Build.0 = Release|Any CPU
		{767F0E2A-F8E9-45A1-B3CC-98DBA61EB649}.Debug|Any CPU.ActiveCfg = Debug|Any CPU
		{767F0E2A-F8E9-45A1-B3CC-98DBA61EB649}.Debug|Any CPU.Build.0 = Debug|Any CPU
		{767F0E2A-F8E9-45A1-B3CC-98DBA61EB649}.Release|Any CPU.ActiveCfg = Release|Any CPU
		{767F0E2A-F8E9-45A1-B3CC-98DBA61EB649}.Release|Any CPU.Build.0 = Release|Any CPU
		{185991FE-FCB2-4245-9C4A-E8668CDAA55E}.Debug|Any CPU.ActiveCfg = Debug|Any CPU
		{185991FE-FCB2-4245-9C4A-E8668CDAA55E}.Debug|Any CPU.Build.0 = Debug|Any CPU
		{185991FE-FCB2-4245-9C4A-E8668CDAA55E}.Release|Any CPU.ActiveCfg = Release|Any CPU
		{185991FE-FCB2-4245-9C4A-E8668CDAA55E}.Release|Any CPU.Build.0 = Release|Any CPU
		{344548C4-7C0E-44D1-8DCE-D9B0E7B67CCC}.Debug|Any CPU.ActiveCfg = Debug|Any CPU
		{344548C4-7C0E-44D1-8DCE-D9B0E7B67CCC}.Debug|Any CPU.Build.0 = Debug|Any CPU
		{344548C4-7C0E-44D1-8DCE-D9B0E7B67CCC}.Release|Any CPU.ActiveCfg = Release|Any CPU
		{344548C4-7C0E-44D1-8DCE-D9B0E7B67CCC}.Release|Any CPU.Build.0 = Release|Any CPU
		{24AF6161-58E4-4E39-93E3-853ED02B5025}.Debug|Any CPU.ActiveCfg = Debug|Any CPU
		{24AF6161-58E4-4E39-93E3-853ED02B5025}.Debug|Any CPU.Build.0 = Debug|Any CPU
		{24AF6161-58E4-4E39-93E3-853ED02B5025}.Release|Any CPU.ActiveCfg = Release|Any CPU
		{24AF6161-58E4-4E39-93E3-853ED02B5025}.Release|Any CPU.Build.0 = Release|Any CPU
		{6C1216C1-37C6-4D73-AE7C-1CE2FE7E11A7}.Debug|Any CPU.ActiveCfg = Debug|Any CPU
		{6C1216C1-37C6-4D73-AE7C-1CE2FE7E11A7}.Debug|Any CPU.Build.0 = Debug|Any CPU
		{6C1216C1-37C6-4D73-AE7C-1CE2FE7E11A7}.Release|Any CPU.ActiveCfg = Release|Any CPU
		{6C1216C1-37C6-4D73-AE7C-1CE2FE7E11A7}.Release|Any CPU.Build.0 = Release|Any CPU
		{0D0F79DD-ED3E-47A4-B8AC-89CE9AD52668}.Debug|Any CPU.ActiveCfg = Debug|Any CPU
		{0D0F79DD-ED3E-47A4-B8AC-89CE9AD52668}.Debug|Any CPU.Build.0 = Debug|Any CPU
		{0D0F79DD-ED3E-47A4-B8AC-89CE9AD52668}.Release|Any CPU.ActiveCfg = Release|Any CPU
		{0D0F79DD-ED3E-47A4-B8AC-89CE9AD52668}.Release|Any CPU.Build.0 = Release|Any CPU
		{7247DA76-01CE-47AA-B3B6-7083B3275349}.Debug|Any CPU.ActiveCfg = Debug|Any CPU
		{7247DA76-01CE-47AA-B3B6-7083B3275349}.Debug|Any CPU.Build.0 = Debug|Any CPU
		{7247DA76-01CE-47AA-B3B6-7083B3275349}.Release|Any CPU.ActiveCfg = Release|Any CPU
		{7247DA76-01CE-47AA-B3B6-7083B3275349}.Release|Any CPU.Build.0 = Release|Any CPU
		{3D9ED73C-2216-47B2-AFCD-D76D5B292C8C}.Debug|Any CPU.ActiveCfg = Debug|Any CPU
		{3D9ED73C-2216-47B2-AFCD-D76D5B292C8C}.Debug|Any CPU.Build.0 = Debug|Any CPU
		{3D9ED73C-2216-47B2-AFCD-D76D5B292C8C}.Release|Any CPU.ActiveCfg = Release|Any CPU
		{3D9ED73C-2216-47B2-AFCD-D76D5B292C8C}.Release|Any CPU.Build.0 = Release|Any CPU
		{76F1E59E-BE10-40C9-B93E-847FE4502F63}.Debug|Any CPU.ActiveCfg = Debug|Any CPU
		{76F1E59E-BE10-40C9-B93E-847FE4502F63}.Debug|Any CPU.Build.0 = Debug|Any CPU
		{76F1E59E-BE10-40C9-B93E-847FE4502F63}.Release|Any CPU.ActiveCfg = Release|Any CPU
		{76F1E59E-BE10-40C9-B93E-847FE4502F63}.Release|Any CPU.Build.0 = Release|Any CPU
		{D19999D5-2DCB-458C-A48D-86AD9A97F2B2}.Debug|Any CPU.ActiveCfg = Debug|Any CPU
		{D19999D5-2DCB-458C-A48D-86AD9A97F2B2}.Debug|Any CPU.Build.0 = Debug|Any CPU
		{D19999D5-2DCB-458C-A48D-86AD9A97F2B2}.Release|Any CPU.ActiveCfg = Release|Any CPU
		{D19999D5-2DCB-458C-A48D-86AD9A97F2B2}.Release|Any CPU.Build.0 = Release|Any CPU
	EndGlobalSection
	GlobalSection(SolutionProperties) = preSolution
		HideSolutionNode = FALSE
	EndGlobalSection
	GlobalSection(NestedProjects) = preSolution
		{0964ED0B-EF30-4DC4-98B6-6980AABA46C3} = {7A1DE236-3066-43A1-86E5-402AAFE90D83}
		{1D8B2082-1332-4C51-A9E8-EB5C023ABF62} = {7A1DE236-3066-43A1-86E5-402AAFE90D83}
		{A726A89C-393A-468D-8BF0-B7803090E2A8} = {7A1DE236-3066-43A1-86E5-402AAFE90D83}
		{0FCB0F27-CBC8-4B2A-B5FF-CF366E8FD066} = {7A1DE236-3066-43A1-86E5-402AAFE90D83}
		{27CEB131-3893-48C9-8844-22500022B5DA} = {6ECCAB0B-37C6-49A3-817E-01EF6F81B9AC}
		{9A1ABD90-8829-4EAB-B30C-5A755A50E069} = {6ECCAB0B-37C6-49A3-817E-01EF6F81B9AC}
		{AC76219F-4915-473B-9A88-4701C15D6538} = {6ECCAB0B-37C6-49A3-817E-01EF6F81B9AC}
		{C494D461-A420-4B93-AA96-FDF96F0FA6E6} = {6ECCAB0B-37C6-49A3-817E-01EF6F81B9AC}
		{B5EF1939-CFA3-4D28-B8DB-FA83BE80FD57} = {6ECCAB0B-37C6-49A3-817E-01EF6F81B9AC}
		{3D6F668C-62E8-4419-9024-E8ED60A5BCF1} = {6ECCAB0B-37C6-49A3-817E-01EF6F81B9AC}
		{8E9FA383-06EF-4EAA-9178-2ABE84A7E483} = {6ECCAB0B-37C6-49A3-817E-01EF6F81B9AC}
		{D2ADD392-0DAC-419A-8C0D-F91C93444121} = {BC8766EA-BEF0-47ED-88C1-3E354DEBDD1E}
		{767F0E2A-F8E9-45A1-B3CC-98DBA61EB649} = {BC8766EA-BEF0-47ED-88C1-3E354DEBDD1E}
		{185991FE-FCB2-4245-9C4A-E8668CDAA55E} = {BC8766EA-BEF0-47ED-88C1-3E354DEBDD1E}
		{344548C4-7C0E-44D1-8DCE-D9B0E7B67CCC} = {BC8766EA-BEF0-47ED-88C1-3E354DEBDD1E}
		{24AF6161-58E4-4E39-93E3-853ED02B5025} = {BC8766EA-BEF0-47ED-88C1-3E354DEBDD1E}
		{6C1216C1-37C6-4D73-AE7C-1CE2FE7E11A7} = {BC8766EA-BEF0-47ED-88C1-3E354DEBDD1E}
		{0D0F79DD-ED3E-47A4-B8AC-89CE9AD52668} = {BC8766EA-BEF0-47ED-88C1-3E354DEBDD1E}
		{7247DA76-01CE-47AA-B3B6-7083B3275349} = {BC8766EA-BEF0-47ED-88C1-3E354DEBDD1E}
		{3D9ED73C-2216-47B2-AFCD-D76D5B292C8C} = {BC8766EA-BEF0-47ED-88C1-3E354DEBDD1E}
		{76F1E59E-BE10-40C9-B93E-847FE4502F63} = {BC8766EA-BEF0-47ED-88C1-3E354DEBDD1E}
		{D19999D5-2DCB-458C-A48D-86AD9A97F2B2} = {BC8766EA-BEF0-47ED-88C1-3E354DEBDD1E}
	EndGlobalSection
	GlobalSection(ExtensibilityGlobals) = postSolution
		SolutionGuid = {BCE5DBC0-CE45-4D03-A06B-6CCB2EAE4044}
	EndGlobalSection
EndGlobal
