
Microsoft Visual Studio Solution File, Format Version 12.00
# Visual Studio Version 17
VisualStudioVersion = 17.5.33516.290
MinimumVisualStudioVersion = 10.0.40219.1
Project("{2150E333-8FDC-42A3-9474-1A3956D46DE8}") = "Creational", "Creational", "{7A1DE236-3066-43A1-86E5-402AAFE90D83}"
EndProject
Project("{2150E333-8FDC-42A3-9474-1A3956D46DE8}") = "Structural", "Structural", "{6ECCAB0B-37C6-49A3-817E-01EF6F81B9AC}"
EndProject
Project("{2150E333-8FDC-42A3-9474-1A3956D46DE8}") = "Behavioral", "Behavioral", "{BC8766EA-BEF0-47ED-88C1-3E354DEBDD1E}"
EndProject
Project("{9A19103F-16F7-4668-BE54-9A1E7A4F7556}") = "AbstractFactory", "Creational\AbstractFactory\AbstractFactory.csproj", "{0964ED0B-EF30-4DC4-98B6-6980AABA46C3}"
EndProject
Project("{9A19103F-16F7-4668-BE54-9A1E7A4F7556}") = "FactoryMethod", "Creational\FactoryMethod\FactoryMethod.csproj", "{1D8B2082-1332-4C51-A9E8-EB5C023ABF62}"
EndProject
Project("{9A19103F-16F7-4668-BE54-9A1E7A4F7556}") = "Builder", "Creational\Builder\Builder.csproj", "{A726A89C-393A-468D-8BF0-B7803090E2A8}"
EndProject
Project("{FAE04EC0-301F-11D3-BF4B-00C04F79EFBC}") = "Singleton", "Creational\Singleton\Singleton.csproj", "{0FCB0F27-CBC8-4B2A-B5FF-CF366E8FD066}"
EndProject
Project("{FAE04EC0-301F-11D3-BF4B-00C04F79EFBC}") = "Adapter", "Structural\Adapter\Adapter.csproj", "{27CEB131-3893-48C9-8844-22500022B5DA}"
EndProject
Project("{FAE04EC0-301F-11D3-BF4B-00C04F79EFBC}") = "Bridge", "Structural\Bridge\Bridge.csproj", "{9A1ABD90-8829-4EAB-B30C-5A755A50E069}"
EndProject
Project("{FAE04EC0-301F-11D3-BF4B-00C04F79EFBC}") = "Composite", "Composite\Composite.csproj", "{532975E3-F9BC-4D25-8DBB-599F770A4D4A}"
EndProject
Project("{FAE04EC0-301F-11D3-BF4B-00C04F79EFBC}") = "Decarotor", "Structural\Decarotor\Decarotor.csproj", "{AC76219F-4915-473B-9A88-4701C15D6538}"
EndProject
Project("{FAE04EC0-301F-11D3-BF4B-00C04F79EFBC}") = "Facade", "Structural\Facade\Facade.csproj", "{C494D461-A420-4B93-AA96-FDF96F0FA6E6}"
EndProject
Global
	GlobalSection(SolutionConfigurationPlatforms) = preSolution
		Debug|Any CPU = Debug|Any CPU
		Release|Any CPU = Release|Any CPU
	EndGlobalSection
	GlobalSection(ProjectConfigurationPlatforms) = postSolution
		{0964ED0B-EF30-4DC4-98B6-6980AABA46C3}.Debug|Any CPU.ActiveCfg = Debug|Any CPU
		{0964ED0B-EF30-4DC4-98B6-6980AABA46C3}.Debug|Any CPU.Build.0 = Debug|Any CPU
		{0964ED0B-EF30-4DC4-98B6-6980AABA46C3}.Release|Any CPU.ActiveCfg = Release|Any CPU
		{0964ED0B-EF30-4DC4-98B6-6980AABA46C3}.Release|Any CPU.Build.0 = Release|Any CPU
		{1D8B2082-1332-4C51-A9E8-EB5C023ABF62}.Debug|Any CPU.ActiveCfg = Debug|Any CPU
		{1D8B2082-1332-4C51-A9E8-EB5C023ABF62}.Debug|Any CPU.Build.0 = Debug|Any CPU
		{1D8B2082-1332-4C51-A9E8-EB5C023ABF62}.Release|Any CPU.ActiveCfg = Release|Any CPU
		{1D8B2082-1332-4C51-A9E8-EB5C023ABF62}.Release|Any CPU.Build.0 = Release|Any CPU
		{A726A89C-393A-468D-8BF0-B7803090E2A8}.Debug|Any CPU.ActiveCfg = Debug|Any CPU
		{A726A89C-393A-468D-8BF0-B7803090E2A8}.Debug|Any CPU.Build.0 = Debug|Any CPU
		{A726A89C-393A-468D-8BF0-B7803090E2A8}.Release|Any CPU.ActiveCfg = Release|Any CPU
		{A726A89C-393A-468D-8BF0-B7803090E2A8}.Release|Any CPU.Build.0 = Release|Any CPU
		{0FCB0F27-CBC8-4B2A-B5FF-CF366E8FD066}.Debug|Any CPU.ActiveCfg = Debug|Any CPU
		{0FCB0F27-CBC8-4B2A-B5FF-CF366E8FD066}.Debug|Any CPU.Build.0 = Debug|Any CPU
		{0FCB0F27-CBC8-4B2A-B5FF-CF366E8FD066}.Release|Any CPU.ActiveCfg = Release|Any CPU
		{0FCB0F27-CBC8-4B2A-B5FF-CF366E8FD066}.Release|Any CPU.Build.0 = Release|Any CPU
		{27CEB131-3893-48C9-8844-22500022B5DA}.Debug|Any CPU.ActiveCfg = Debug|Any CPU
		{27CEB131-3893-48C9-8844-22500022B5DA}.Debug|Any CPU.Build.0 = Debug|Any CPU
		{27CEB131-3893-48C9-8844-22500022B5DA}.Release|Any CPU.ActiveCfg = Release|Any CPU
		{27CEB131-3893-48C9-8844-22500022B5DA}.Release|Any CPU.Build.0 = Release|Any CPU
		{9A1ABD90-8829-4EAB-B30C-5A755A50E069}.Debug|Any CPU.ActiveCfg = Debug|Any CPU
		{9A1ABD90-8829-4EAB-B30C-5A755A50E069}.Debug|Any CPU.Build.0 = Debug|Any CPU
		{9A1ABD90-8829-4EAB-B30C-5A755A50E069}.Release|Any CPU.ActiveCfg = Release|Any CPU
		{9A1ABD90-8829-4EAB-B30C-5A755A50E069}.Release|Any CPU.Build.0 = Release|Any CPU
		{532975E3-F9BC-4D25-8DBB-599F770A4D4A}.Debug|Any CPU.ActiveCfg = Debug|Any CPU
		{532975E3-F9BC-4D25-8DBB-599F770A4D4A}.Debug|Any CPU.Build.0 = Debug|Any CPU
		{532975E3-F9BC-4D25-8DBB-599F770A4D4A}.Release|Any CPU.ActiveCfg = Release|Any CPU
		{532975E3-F9BC-4D25-8DBB-599F770A4D4A}.Release|Any CPU.Build.0 = Release|Any CPU
		{AC76219F-4915-473B-9A88-4701C15D6538}.Debug|Any CPU.ActiveCfg = Debug|Any CPU
		{AC76219F-4915-473B-9A88-4701C15D6538}.Debug|Any CPU.Build.0 = Debug|Any CPU
		{AC76219F-4915-473B-9A88-4701C15D6538}.Release|Any CPU.ActiveCfg = Release|Any CPU
		{AC76219F-4915-473B-9A88-4701C15D6538}.Release|Any CPU.Build.0 = Release|Any CPU
		{C494D461-A420-4B93-AA96-FDF96F0FA6E6}.Debug|Any CPU.ActiveCfg = Debug|Any CPU
		{C494D461-A420-4B93-AA96-FDF96F0FA6E6}.Debug|Any CPU.Build.0 = Debug|Any CPU
		{C494D461-A420-4B93-AA96-FDF96F0FA6E6}.Release|Any CPU.ActiveCfg = Release|Any CPU
		{C494D461-A420-4B93-AA96-FDF96F0FA6E6}.Release|Any CPU.Build.0 = Release|Any CPU
	EndGlobalSection
	GlobalSection(SolutionProperties) = preSolution
		HideSolutionNode = FALSE
	EndGlobalSection
	GlobalSection(NestedProjects) = preSolution
		{0964ED0B-EF30-4DC4-98B6-6980AABA46C3} = {7A1DE236-3066-43A1-86E5-402AAFE90D83}
		{1D8B2082-1332-4C51-A9E8-EB5C023ABF62} = {7A1DE236-3066-43A1-86E5-402AAFE90D83}
		{A726A89C-393A-468D-8BF0-B7803090E2A8} = {7A1DE236-3066-43A1-86E5-402AAFE90D83}
		{0FCB0F27-CBC8-4B2A-B5FF-CF366E8FD066} = {7A1DE236-3066-43A1-86E5-402AAFE90D83}
		{27CEB131-3893-48C9-8844-22500022B5DA} = {6ECCAB0B-37C6-49A3-817E-01EF6F81B9AC}
		{9A1ABD90-8829-4EAB-B30C-5A755A50E069} = {6ECCAB0B-37C6-49A3-817E-01EF6F81B9AC}
		{532975E3-F9BC-4D25-8DBB-599F770A4D4A} = {6ECCAB0B-37C6-49A3-817E-01EF6F81B9AC}
		{AC76219F-4915-473B-9A88-4701C15D6538} = {6ECCAB0B-37C6-49A3-817E-01EF6F81B9AC}
		{C494D461-A420-4B93-AA96-FDF96F0FA6E6} = {6ECCAB0B-37C6-49A3-817E-01EF6F81B9AC}
	EndGlobalSection
	GlobalSection(ExtensibilityGlobals) = postSolution
		SolutionGuid = {BCE5DBC0-CE45-4D03-A06B-6CCB2EAE4044}
	EndGlobalSection
EndGlobal
